
Microsoft Visual Studio Solution File, Format Version 12.00
# Visual Studio Version 16
VisualStudioVersion = 16.0.30804.86
MinimumVisualStudioVersion = 10.0.40219.1
Project("{9A19103F-16F7-4668-BE54-9A1E7A4F7556}") = "ConsoleApp-ContactList", "ConsoleApp-ContactList.csproj", "{D93CD46E-95DC-43B2-8516-D54DD4AA76C6}"
EndProject
Project("{FAE04EC0-301F-11D3-BF4B-00C04F79EFBC}") = "samples", "..\samples\samples.csproj", "{150D215D-0D04-4D4F-9CEE-3A6968F2BF55}"
EndProject
Global
	GlobalSection(SolutionConfigurationPlatforms) = preSolution
		Debug|Any CPU = Debug|Any CPU
		Release|Any CPU = Release|Any CPU
	EndGlobalSection
	GlobalSection(ProjectConfigurationPlatforms) = postSolution
		{D93CD46E-95DC-43B2-8516-D54DD4AA76C6}.Debug|Any CPU.ActiveCfg = Debug|Any CPU
		{D93CD46E-95DC-43B2-8516-D54DD4AA76C6}.Debug|Any CPU.Build.0 = Debug|Any CPU
		{D93CD46E-95DC-43B2-8516-D54DD4AA76C6}.Release|Any CPU.ActiveCfg = Release|Any CPU
		{D93CD46E-95DC-43B2-8516-D54DD4AA76C6}.Release|Any CPU.Build.0 = Release|Any CPU
		{150D215D-0D04-4D4F-9CEE-3A6968F2BF55}.Debug|Any CPU.ActiveCfg = Debug|Any CPU
		{150D215D-0D04-4D4F-9CEE-3A6968F2BF55}.Debug|Any CPU.Build.0 = Debug|Any CPU
		{150D215D-0D04-4D4F-9CEE-3A6968F2BF55}.Release|Any CPU.ActiveCfg = Release|Any CPU
		{150D215D-0D04-4D4F-9CEE-3A6968F2BF55}.Release|Any CPU.Build.0 = Release|Any CPU
	EndGlobalSection
	GlobalSection(SolutionProperties) = preSolution
		HideSolutionNode = FALSE
	EndGlobalSection
	GlobalSection(ExtensibilityGlobals) = postSolution
		SolutionGuid = {96561A6E-D4EE-4A66-96C6-725EC23379BC}
	EndGlobalSection
EndGlobal
